
Microsoft Visual Studio Solution File, Format Version 12.00
# Visual Studio Version 17
VisualStudioVersion = 17.9.34714.143
MinimumVisualStudioVersion = 10.0.40219.1
Project("{FAE04EC0-301F-11D3-BF4B-00C04F79EFBC}") = "BubbleSort", "BubbleSort\BubbleSort.csproj", "{53FEA460-1BFC-4CAD-8AB7-9564620FEE67}"
EndProject
Project("{FAE04EC0-301F-11D3-BF4B-00C04F79EFBC}") = "SelectionSort", "SelectionSort\SelectionSort.csproj", "{C395AFAE-85DB-48F1-B1AB-76BB778F1634}"
EndProject
Project("{FAE04EC0-301F-11D3-BF4B-00C04F79EFBC}") = "InsertionSort", "InsertionSort\InsertionSort.csproj", "{75C2C68C-58DD-44FF-87AF-15711269C980}"
EndProject
Project("{FAE04EC0-301F-11D3-BF4B-00C04F79EFBC}") = "QuickSort", "QuickSort\QuickSort.csproj", "{4D12A122-0280-41F4-9166-6C2DC67C58D2}"
EndProject
Project("{FAE04EC0-301F-11D3-BF4B-00C04F79EFBC}") = "MergeSort", "MergeSort\MergeSort.csproj", "{10344856-993B-495E-B295-E5416B575720}"
EndProject
Project("{FAE04EC0-301F-11D3-BF4B-00C04F79EFBC}") = "HeapSort", "HeapSort\HeapSort.csproj", "{251BF078-0232-4834-9BCE-BD2F283F5B2A}"
EndProject
Project("{FAE04EC0-301F-11D3-BF4B-00C04F79EFBC}") = "BinarySearch", "BinarySearch\BinarySearch.csproj", "{51FCF596-032A-49DD-A3D4-664FD8AC8871}"
EndProject
Project("{FAE04EC0-301F-11D3-BF4B-00C04F79EFBC}") = "DFS", "DFS\DFS.csproj", "{75B80B66-C121-4A0B-BD09-275CE702E22C}"
EndProject
Global
	GlobalSection(SolutionConfigurationPlatforms) = preSolution
		Debug|Any CPU = Debug|Any CPU
		Release|Any CPU = Release|Any CPU
	EndGlobalSection
	GlobalSection(ProjectConfigurationPlatforms) = postSolution
		{53FEA460-1BFC-4CAD-8AB7-9564620FEE67}.Debug|Any CPU.ActiveCfg = Debug|Any CPU
		{53FEA460-1BFC-4CAD-8AB7-9564620FEE67}.Debug|Any CPU.Build.0 = Debug|Any CPU
		{53FEA460-1BFC-4CAD-8AB7-9564620FEE67}.Release|Any CPU.ActiveCfg = Release|Any CPU
		{53FEA460-1BFC-4CAD-8AB7-9564620FEE67}.Release|Any CPU.Build.0 = Release|Any CPU
		{C395AFAE-85DB-48F1-B1AB-76BB778F1634}.Debug|Any CPU.ActiveCfg = Debug|Any CPU
		{C395AFAE-85DB-48F1-B1AB-76BB778F1634}.Debug|Any CPU.Build.0 = Debug|Any CPU
		{C395AFAE-85DB-48F1-B1AB-76BB778F1634}.Release|Any CPU.ActiveCfg = Release|Any CPU
		{C395AFAE-85DB-48F1-B1AB-76BB778F1634}.Release|Any CPU.Build.0 = Release|Any CPU
		{75C2C68C-58DD-44FF-87AF-15711269C980}.Debug|Any CPU.ActiveCfg = Debug|Any CPU
		{75C2C68C-58DD-44FF-87AF-15711269C980}.Debug|Any CPU.Build.0 = Debug|Any CPU
		{75C2C68C-58DD-44FF-87AF-15711269C980}.Release|Any CPU.ActiveCfg = Release|Any CPU
		{75C2C68C-58DD-44FF-87AF-15711269C980}.Release|Any CPU.Build.0 = Release|Any CPU
		{4D12A122-0280-41F4-9166-6C2DC67C58D2}.Debug|Any CPU.ActiveCfg = Debug|Any CPU
		{4D12A122-0280-41F4-9166-6C2DC67C58D2}.Debug|Any CPU.Build.0 = Debug|Any CPU
		{4D12A122-0280-41F4-9166-6C2DC67C58D2}.Release|Any CPU.ActiveCfg = Release|Any CPU
		{4D12A122-0280-41F4-9166-6C2DC67C58D2}.Release|Any CPU.Build.0 = Release|Any CPU
		{10344856-993B-495E-B295-E5416B575720}.Debug|Any CPU.ActiveCfg = Debug|Any CPU
		{10344856-993B-495E-B295-E5416B575720}.Debug|Any CPU.Build.0 = Debug|Any CPU
		{10344856-993B-495E-B295-E5416B575720}.Release|Any CPU.ActiveCfg = Release|Any CPU
		{10344856-993B-495E-B295-E5416B575720}.Release|Any CPU.Build.0 = Release|Any CPU
		{251BF078-0232-4834-9BCE-BD2F283F5B2A}.Debug|Any CPU.ActiveCfg = Debug|Any CPU
		{251BF078-0232-4834-9BCE-BD2F283F5B2A}.Debug|Any CPU.Build.0 = Debug|Any CPU
		{251BF078-0232-4834-9BCE-BD2F283F5B2A}.Release|Any CPU.ActiveCfg = Release|Any CPU
		{251BF078-0232-4834-9BCE-BD2F283F5B2A}.Release|Any CPU.Build.0 = Release|Any CPU
		{51FCF596-032A-49DD-A3D4-664FD8AC8871}.Debug|Any CPU.ActiveCfg = Debug|Any CPU
		{51FCF596-032A-49DD-A3D4-664FD8AC8871}.Debug|Any CPU.Build.0 = Debug|Any CPU
		{51FCF596-032A-49DD-A3D4-664FD8AC8871}.Release|Any CPU.ActiveCfg = Release|Any CPU
		{51FCF596-032A-49DD-A3D4-664FD8AC8871}.Release|Any CPU.Build.0 = Release|Any CPU
		{75B80B66-C121-4A0B-BD09-275CE702E22C}.Debug|Any CPU.ActiveCfg = Debug|Any CPU
		{75B80B66-C121-4A0B-BD09-275CE702E22C}.Debug|Any CPU.Build.0 = Debug|Any CPU
		{75B80B66-C121-4A0B-BD09-275CE702E22C}.Release|Any CPU.ActiveCfg = Release|Any CPU
		{75B80B66-C121-4A0B-BD09-275CE702E22C}.Release|Any CPU.Build.0 = Release|Any CPU
	EndGlobalSection
	GlobalSection(SolutionProperties) = preSolution
		HideSolutionNode = FALSE
	EndGlobalSection
	GlobalSection(ExtensibilityGlobals) = postSolution
		SolutionGuid = {5C256186-C7C3-49F6-A2AE-4AC66E0D14FB}
	EndGlobalSection
EndGlobal
