
Microsoft Visual Studio Solution File, Format Version 12.00
# Visual Studio Version 17
VisualStudioVersion = 17.9.34714.143
MinimumVisualStudioVersion = 10.0.40219.1
Project("{FAE04EC0-301F-11D3-BF4B-00C04F79EFBC}") = "BubbleSort", "BubbleSort\BubbleSort.csproj", "{53FEA460-1BFC-4CAD-8AB7-9564620FEE67}"
EndProject
Project("{FAE04EC0-301F-11D3-BF4B-00C04F79EFBC}") = "SelectionSort", "SelectionSort\SelectionSort.csproj", "{C395AFAE-85DB-48F1-B1AB-76BB778F1634}"
EndProject
Global
	GlobalSection(SolutionConfigurationPlatforms) = preSolution
		Debug|Any CPU = Debug|Any CPU
		Release|Any CPU = Release|Any CPU
	EndGlobalSection
	GlobalSection(ProjectConfigurationPlatforms) = postSolution
		{53FEA460-1BFC-4CAD-8AB7-9564620FEE67}.Debug|Any CPU.ActiveCfg = Debug|Any CPU
		{53FEA460-1BFC-4CAD-8AB7-9564620FEE67}.Debug|Any CPU.Build.0 = Debug|Any CPU
		{53FEA460-1BFC-4CAD-8AB7-9564620FEE67}.Release|Any CPU.ActiveCfg = Release|Any CPU
		{53FEA460-1BFC-4CAD-8AB7-9564620FEE67}.Release|Any CPU.Build.0 = Release|Any CPU
		{C395AFAE-85DB-48F1-B1AB-76BB778F1634}.Debug|Any CPU.ActiveCfg = Debug|Any CPU
		{C395AFAE-85DB-48F1-B1AB-76BB778F1634}.Debug|Any CPU.Build.0 = Debug|Any CPU
		{C395AFAE-85DB-48F1-B1AB-76BB778F1634}.Release|Any CPU.ActiveCfg = Release|Any CPU
		{C395AFAE-85DB-48F1-B1AB-76BB778F1634}.Release|Any CPU.Build.0 = Release|Any CPU
	EndGlobalSection
	GlobalSection(SolutionProperties) = preSolution
		HideSolutionNode = FALSE
	EndGlobalSection
	GlobalSection(ExtensibilityGlobals) = postSolution
		SolutionGuid = {5C256186-C7C3-49F6-A2AE-4AC66E0D14FB}
	EndGlobalSection
EndGlobal
